
Microsoft Visual Studio Solution File, Format Version 12.00
# Visual Studio 2012
Project("{FAE04EC0-301F-11D3-BF4B-00C04F79EFBC}") = "Backup Application Wpf", "Backup Application Wpf\Backup Application Wpf.csproj", "{8FEDD2FC-6891-4459-B25C-515A58EC824E}"
EndProject
Global
	GlobalSection(SolutionConfigurationPlatforms) = preSolution
		Debug|Any CPU = Debug|Any CPU
		Release|Any CPU = Release|Any CPU
	EndGlobalSection
	GlobalSection(ProjectConfigurationPlatforms) = postSolution
		{8FEDD2FC-6891-4459-B25C-515A58EC824E}.Debug|Any CPU.ActiveCfg = Debug|Any CPU
		{8FEDD2FC-6891-4459-B25C-515A58EC824E}.Debug|Any CPU.Build.0 = Debug|Any CPU
		{8FEDD2FC-6891-4459-B25C-515A58EC824E}.Release|Any CPU.ActiveCfg = Release|Any CPU
		{8FEDD2FC-6891-4459-B25C-515A58EC824E}.Release|Any CPU.Build.0 = Release|Any CPU
	EndGlobalSection
	GlobalSection(SolutionProperties) = preSolution
		HideSolutionNode = FALSE
	EndGlobalSection
EndGlobal
